// !$*UTF8*$!
{
	archiveVersion = 1;
	classes = {
	};
	objectVersion = 50;
	objects = {

/* Begin PBXBuildFile section */
		01135B7B25F0D256000885E9 /* ProductCell.swift in Sources */ = {isa = PBXBuildFile; fileRef = 01135B7A25F0D256000885E9 /* ProductCell.swift */; };
		0165E8DF25E3C51500F37940 /* CategoryCell.swift in Sources */ = {isa = PBXBuildFile; fileRef = 0165E8DE25E3C51500F37940 /* CategoryCell.swift */; };
		0165E8E325E3F57200F37940 /* Category.swift in Sources */ = {isa = PBXBuildFile; fileRef = 0165E8E225E3F57200F37940 /* Category.swift */; };
		0165E8E725E3F6F100F37940 /* DataService.swift in Sources */ = {isa = PBXBuildFile; fileRef = 0165E8E625E3F6F100F37940 /* DataService.swift */; };
		01BC66B825E25D85004B9756 /* AppDelegate.swift in Sources */ = {isa = PBXBuildFile; fileRef = 01BC66B725E25D85004B9756 /* AppDelegate.swift */; };
		01BC66BA25E25D85004B9756 /* SceneDelegate.swift in Sources */ = {isa = PBXBuildFile; fileRef = 01BC66B925E25D85004B9756 /* SceneDelegate.swift */; };
		01BC66BC25E25D85004B9756 /* CategoriesVC.swift in Sources */ = {isa = PBXBuildFile; fileRef = 01BC66BB25E25D85004B9756 /* CategoriesVC.swift */; };
		01BC66BF25E25D85004B9756 /* Main.storyboard in Resources */ = {isa = PBXBuildFile; fileRef = 01BC66BD25E25D85004B9756 /* Main.storyboard */; };
		01BC66C125E25D86004B9756 /* Assets.xcassets in Resources */ = {isa = PBXBuildFile; fileRef = 01BC66C025E25D86004B9756 /* Assets.xcassets */; };
		01BC66C425E25D86004B9756 /* LaunchScreen.storyboard in Resources */ = {isa = PBXBuildFile; fileRef = 01BC66C225E25D86004B9756 /* LaunchScreen.storyboard */; };
		01E2679125FAA092003C53D9 /* Product.swift in Sources */ = {isa = PBXBuildFile; fileRef = 01E2679025FAA092003C53D9 /* Product.swift */; };
		01E2679425FAAC37003C53D9 /* ProductsVC.swift in Sources */ = {isa = PBXBuildFile; fileRef = 01E2679325FAAC37003C53D9 /* ProductsVC.swift */; };
/* End PBXBuildFile section */

/* Begin PBXFileReference section */
		01135B7A25F0D256000885E9 /* ProductCell.swift */ = {isa = PBXFileReference; lastKnownFileType = sourcecode.swift; path = ProductCell.swift; sourceTree = "<group>"; };
		0165E8DE25E3C51500F37940 /* CategoryCell.swift */ = {isa = PBXFileReference; lastKnownFileType = sourcecode.swift; path = CategoryCell.swift; sourceTree = "<group>"; };
		0165E8E225E3F57200F37940 /* Category.swift */ = {isa = PBXFileReference; lastKnownFileType = sourcecode.swift; path = Category.swift; sourceTree = "<group>"; };
		0165E8E625E3F6F100F37940 /* DataService.swift */ = {isa = PBXFileReference; lastKnownFileType = sourcecode.swift; path = DataService.swift; sourceTree = "<group>"; };
		01BC66B425E25D85004B9756 /* TShirtSwag.app */ = {isa = PBXFileReference; explicitFileType = wrapper.application; includeInIndex = 0; path = TShirtSwag.app; sourceTree = BUILT_PRODUCTS_DIR; };
		01BC66B725E25D85004B9756 /* AppDelegate.swift */ = {isa = PBXFileReference; lastKnownFileType = sourcecode.swift; path = AppDelegate.swift; sourceTree = "<group>"; };
		01BC66B925E25D85004B9756 /* SceneDelegate.swift */ = {isa = PBXFileReference; lastKnownFileType = sourcecode.swift; path = SceneDelegate.swift; sourceTree = "<group>"; };
		01BC66BB25E25D85004B9756 /* CategoriesVC.swift */ = {isa = PBXFileReference; lastKnownFileType = sourcecode.swift; path = CategoriesVC.swift; sourceTree = "<group>"; };
		01BC66BE25E25D85004B9756 /* Base */ = {isa = PBXFileReference; lastKnownFileType = file.storyboard; name = Base; path = Base.lproj/Main.storyboard; sourceTree = "<group>"; };
		01BC66C025E25D86004B9756 /* Assets.xcassets */ = {isa = PBXFileReference; lastKnownFileType = folder.assetcatalog; path = Assets.xcassets; sourceTree = "<group>"; };
		01BC66C325E25D86004B9756 /* Base */ = {isa = PBXFileReference; lastKnownFileType = file.storyboard; name = Base; path = Base.lproj/LaunchScreen.storyboard; sourceTree = "<group>"; };
		01BC66C525E25D86004B9756 /* Info.plist */ = {isa = PBXFileReference; lastKnownFileType = text.plist.xml; path = Info.plist; sourceTree = "<group>"; };
		01E2679025FAA092003C53D9 /* Product.swift */ = {isa = PBXFileReference; lastKnownFileType = sourcecode.swift; path = Product.swift; sourceTree = "<group>"; };
		01E2679325FAAC37003C53D9 /* ProductsVC.swift */ = {isa = PBXFileReference; lastKnownFileType = sourcecode.swift; path = ProductsVC.swift; sourceTree = "<group>"; };
/* End PBXFileReference section */

/* Begin PBXFrameworksBuildPhase section */
		01BC66B125E25D85004B9756 /* Frameworks */ = {
			isa = PBXFrameworksBuildPhase;
			buildActionMask = 2147483647;
			files = (
			);
			runOnlyForDeploymentPostprocessing = 0;
		};
/* End PBXFrameworksBuildPhase section */

/* Begin PBXGroup section */
		0165E8DB25E3C45F00F37940 /* Model */ = {
			isa = PBXGroup;
			children = (
				0165E8E225E3F57200F37940 /* Category.swift */,
				01E2679025FAA092003C53D9 /* Product.swift */,
			);
			path = Model;
			sourceTree = "<group>";
		};
		0165E8DC25E3C46500F37940 /* View */ = {
			isa = PBXGroup;
			children = (
				0165E8DE25E3C51500F37940 /* CategoryCell.swift */,
				01135B7A25F0D256000885E9 /* ProductCell.swift */,
			);
			path = View;
			sourceTree = "<group>";
		};
		0165E8DD25E3C47200F37940 /* Controller */ = {
			isa = PBXGroup;
			children = (
				01BC66BB25E25D85004B9756 /* CategoriesVC.swift */,
				01E2679325FAAC37003C53D9 /* ProductsVC.swift */,
			);
			path = Controller;
			sourceTree = "<group>";
		};
		0165E8E525E3F6E600F37940 /* Services */ = {
			isa = PBXGroup;
			children = (
				0165E8E625E3F6F100F37940 /* DataService.swift */,
			);
			path = Services;
			sourceTree = "<group>";
		};
		01BC66AB25E25D85004B9756 = {
			isa = PBXGroup;
			children = (
				01BC66B625E25D85004B9756 /* TShirtSwag */,
				01BC66B525E25D85004B9756 /* Products */,
			);
			sourceTree = "<group>";
		};
		01BC66B525E25D85004B9756 /* Products */ = {
			isa = PBXGroup;
			children = (
				01BC66B425E25D85004B9756 /* TShirtSwag.app */,
			);
			name = Products;
			sourceTree = "<group>";
		};
		01BC66B625E25D85004B9756 /* TShirtSwag */ = {
			isa = PBXGroup;
			children = (
				0165E8E525E3F6E600F37940 /* Services */,
				0165E8DB25E3C45F00F37940 /* Model */,
				0165E8DC25E3C46500F37940 /* View */,
				0165E8DD25E3C47200F37940 /* Controller */,
				01BC66B725E25D85004B9756 /* AppDelegate.swift */,
				01BC66B925E25D85004B9756 /* SceneDelegate.swift */,
				01BC66BD25E25D85004B9756 /* Main.storyboard */,
				01BC66C025E25D86004B9756 /* Assets.xcassets */,
				01BC66C225E25D86004B9756 /* LaunchScreen.storyboard */,
				01BC66C525E25D86004B9756 /* Info.plist */,
			);
			path = TShirtSwag;
			sourceTree = "<group>";
		};
/* End PBXGroup section */

/* Begin PBXNativeTarget section */
		01BC66B325E25D85004B9756 /* TShirtSwag */ = {
			isa = PBXNativeTarget;
			buildConfigurationList = 01BC66C825E25D86004B9756 /* Build configuration list for PBXNativeTarget "TShirtSwag" */;
			buildPhases = (
				01BC66B025E25D85004B9756 /* Sources */,
				01BC66B125E25D85004B9756 /* Frameworks */,
				01BC66B225E25D85004B9756 /* Resources */,
			);
			buildRules = (
			);
			dependencies = (
			);
			name = TShirtSwag;
			productName = TShirtSwag;
			productReference = 01BC66B425E25D85004B9756 /* TShirtSwag.app */;
			productType = "com.apple.product-type.application";
		};
/* End PBXNativeTarget section */

/* Begin PBXProject section */
		01BC66AC25E25D85004B9756 /* Project object */ = {
			isa = PBXProject;
			attributes = {
				LastSwiftUpdateCheck = 1240;
				LastUpgradeCheck = 1240;
				TargetAttributes = {
					01BC66B325E25D85004B9756 = {
						CreatedOnToolsVersion = 12.4;
					};
				};
			};
			buildConfigurationList = 01BC66AF25E25D85004B9756 /* Build configuration list for PBXProject "TShirtSwag" */;
			compatibilityVersion = "Xcode 9.3";
			developmentRegion = en;
			hasScannedForEncodings = 0;
			knownRegions = (
				en,
				Base,
			);
			mainGroup = 01BC66AB25E25D85004B9756;
			productRefGroup = 01BC66B525E25D85004B9756 /* Products */;
			projectDirPath = "";
			projectRoot = "";
			targets = (
				01BC66B325E25D85004B9756 /* TShirtSwag */,
			);
		};
/* End PBXProject section */

/* Begin PBXResourcesBuildPhase section */
		01BC66B225E25D85004B9756 /* Resources */ = {
			isa = PBXResourcesBuildPhase;
			buildActionMask = 2147483647;
			files = (
				01BC66C425E25D86004B9756 /* LaunchScreen.storyboard in Resources */,
				01BC66C125E25D86004B9756 /* Assets.xcassets in Resources */,
				01BC66BF25E25D85004B9756 /* Main.storyboard in Resources */,
			);
			runOnlyForDeploymentPostprocessing = 0;
		};
/* End PBXResourcesBuildPhase section */

/* Begin PBXSourcesBuildPhase section */
		01BC66B025E25D85004B9756 /* Sources */ = {
			isa = PBXSourcesBuildPhase;
			buildActionMask = 2147483647;
			files = (
				01BC66BC25E25D85004B9756 /* CategoriesVC.swift in Sources */,
				01E2679125FAA092003C53D9 /* Product.swift in Sources */,
				0165E8E325E3F57200F37940 /* Category.swift in Sources */,
				01BC66B825E25D85004B9756 /* AppDelegate.swift in Sources */,
				0165E8E725E3F6F100F37940 /* DataService.swift in Sources */,
				01BC66BA25E25D85004B9756 /* SceneDelegate.swift in Sources */,
				01135B7B25F0D256000885E9 /* ProductCell.swift in Sources */,
				0165E8DF25E3C51500F37940 /* CategoryCell.swift in Sources */,
				01E2679425FAAC37003C53D9 /* ProductsVC.swift in Sources */,
			);
			runOnlyForDeploymentPostprocessing = 0;
		};
/* End PBXSourcesBuildPhase section */

/* Begin PBXVariantGroup section */
		01BC66BD25E25D85004B9756 /* Main.storyboard */ = {
			isa = PBXVariantGroup;
			children = (
				01BC66BE25E25D85004B9756 /* Base */,
			);
			name = Main.storyboard;
			sourceTree = "<group>";
		};
		01BC66C225E25D86004B9756 /* LaunchScreen.storyboard */ = {
			isa = PBXVariantGroup;
			children = (
				01BC66C325E25D86004B9756 /* Base */,
			);
			name = LaunchScreen.storyboard;
			sourceTree = "<group>";
		};
/* End PBXVariantGroup section */

/* Begin XCBuildConfiguration section */
		01BC66C625E25D86004B9756 /* Debug */ = {
			isa = XCBuildConfiguration;
			buildSettings = {
				ALWAYS_SEARCH_USER_PATHS = NO;
				CLANG_ANALYZER_NONNULL = YES;
				CLANG_ANALYZER_NUMBER_OBJECT_CONVERSION = YES_AGGRESSIVE;
				CLANG_CXX_LANGUAGE_STANDARD = "gnu++14";
				CLANG_CXX_LIBRARY = "libc++";
				CLANG_ENABLE_MODULES = YES;
				CLANG_ENABLE_OBJC_ARC = YES;
				CLANG_ENABLE_OBJC_WEAK = YES;
				CLANG_WARN_BLOCK_CAPTURE_AUTORELEASING = YES;
				CLANG_WARN_BOOL_CONVERSION = YES;
				CLANG_WARN_COMMA = YES;
				CLANG_WARN_CONSTANT_CONVERSION = YES;
				CLANG_WARN_DEPRECATED_OBJC_IMPLEMENTATIONS = YES;
				CLANG_WARN_DIRECT_OBJC_ISA_USAGE = YES_ERROR;
				CLANG_WARN_DOCUMENTATION_COMMENTS = YES;
				CLANG_WARN_EMPTY_BODY = YES;
				CLANG_WARN_ENUM_CONVERSION = YES;
				CLANG_WARN_INFINITE_RECURSION = YES;
				CLANG_WARN_INT_CONVERSION = YES;
				CLANG_WARN_NON_LITERAL_NULL_CONVERSION = YES;
				CLANG_WARN_OBJC_IMPLICIT_RETAIN_SELF = YES;
				CLANG_WARN_OBJC_LITERAL_CONVERSION = YES;
				CLANG_WARN_OBJC_ROOT_CLASS = YES_ERROR;
				CLANG_WARN_QUOTED_INCLUDE_IN_FRAMEWORK_HEADER = YES;
				CLANG_WARN_RANGE_LOOP_ANALYSIS = YES;
				CLANG_WARN_STRICT_PROTOTYPES = YES;
				CLANG_WARN_SUSPICIOUS_MOVE = YES;
				CLANG_WARN_UNGUARDED_AVAILABILITY = YES_AGGRESSIVE;
				CLANG_WARN_UNREACHABLE_CODE = YES;
				CLANG_WARN__DUPLICATE_METHOD_MATCH = YES;
				COPY_PHASE_STRIP = NO;
				DEBUG_INFORMATION_FORMAT = dwarf;
				ENABLE_STRICT_OBJC_MSGSEND = YES;
				ENABLE_TESTABILITY = YES;
				GCC_C_LANGUAGE_STANDARD = gnu11;
				GCC_DYNAMIC_NO_PIC = NO;
				GCC_NO_COMMON_BLOCKS = YES;
				GCC_OPTIMIZATION_LEVEL = 0;
				GCC_PREPROCESSOR_DEFINITIONS = (
					"DEBUG=1",
					"$(inherited)",
				);
				GCC_WARN_64_TO_32_BIT_CONVERSION = YES;
				GCC_WARN_ABOUT_RETURN_TYPE = YES_ERROR;
				GCC_WARN_UNDECLARED_SELECTOR = YES;
				GCC_WARN_UNINITIALIZED_AUTOS = YES_AGGRESSIVE;
				GCC_WARN_UNUSED_FUNCTION = YES;
				GCC_WARN_UNUSED_VARIABLE = YES;
				IPHONEOS_DEPLOYMENT_TARGET = 14.4;
				MTL_ENABLE_DEBUG_INFO = INCLUDE_SOURCE;
				MTL_FAST_MATH = YES;
				ONLY_ACTIVE_ARCH = YES;
				SDKROOT = iphoneos;
				SWIFT_ACTIVE_COMPILATION_CONDITIONS = DEBUG;
				SWIFT_OPTIMIZATION_LEVEL = "-Onone";
			};
			name = Debug;
		};
		01BC66C725E25D86004B9756 /* Release */ = {
			isa = XCBuildConfiguration;
			buildSettings = {
				ALWAYS_SEARCH_USER_PATHS = NO;
				CLANG_ANALYZER_NONNULL = YES;
				CLANG_ANALYZER_NUMBER_OBJECT_CONVERSION = YES_AGGRESSIVE;
				CLANG_CXX_LANGUAGE_STANDARD = "gnu++14";
				CLANG_CXX_LIBRARY = "libc++";
				CLANG_ENABLE_MODULES = YES;
				CLANG_ENABLE_OBJC_ARC = YES;
				CLANG_ENABLE_OBJC_WEAK = YES;
				CLANG_WARN_BLOCK_CAPTURE_AUTORELEASING = YES;
				CLANG_WARN_BOOL_CONVERSION = YES;
				CLANG_WARN_COMMA = YES;
				CLANG_WARN_CONSTANT_CONVERSION = YES;
				CLANG_WARN_DEPRECATED_OBJC_IMPLEMENTATIONS = YES;
				CLANG_WARN_DIRECT_OBJC_ISA_USAGE = YES_ERROR;
				CLANG_WARN_DOCUMENTATION_COMMENTS = YES;
				CLANG_WARN_EMPTY_BODY = YES;
				CLANG_WARN_ENUM_CONVERSION = YES;
				CLANG_WARN_INFINITE_RECURSION = YES;
				CLANG_WARN_INT_CONVERSION = YES;
				CLANG_WARN_NON_LITERAL_NULL_CONVERSION = YES;
				CLANG_WARN_OBJC_IMPLICIT_RETAIN_SELF = YES;
				CLANG_WARN_OBJC_LITERAL_CONVERSION = YES;
				CLANG_WARN_OBJC_ROOT_CLASS = YES_ERROR;
				CLANG_WARN_QUOTED_INCLUDE_IN_FRAMEWORK_HEADER = YES;
				CLANG_WARN_RANGE_LOOP_ANALYSIS = YES;
				CLANG_WARN_STRICT_PROTOTYPES = YES;
				CLANG_WARN_SUSPICIOUS_MOVE = YES;
				CLANG_WARN_UNGUARDED_AVAILABILITY = YES_AGGRESSIVE;
				CLANG_WARN_UNREACHABLE_CODE = YES;
				CLANG_WARN__DUPLICATE_METHOD_MATCH = YES;
				COPY_PHASE_STRIP = NO;
				DEBUG_INFORMATION_FORMAT = "dwarf-with-dsym";
				ENABLE_NS_ASSERTIONS = NO;
				ENABLE_STRICT_OBJC_MSGSEND = YES;
				GCC_C_LANGUAGE_STANDARD = gnu11;
				GCC_NO_COMMON_BLOCKS = YES;
				GCC_WARN_64_TO_32_BIT_CONVERSION = YES;
				GCC_WARN_ABOUT_RETURN_TYPE = YES_ERROR;
				GCC_WARN_UNDECLARED_SELECTOR = YES;
				GCC_WARN_UNINITIALIZED_AUTOS = YES_AGGRESSIVE;
				GCC_WARN_UNUSED_FUNCTION = YES;
				GCC_WARN_UNUSED_VARIABLE = YES;
				IPHONEOS_DEPLOYMENT_TARGET = 14.4;
				MTL_ENABLE_DEBUG_INFO = NO;
				MTL_FAST_MATH = YES;
				SDKROOT = iphoneos;
				SWIFT_COMPILATION_MODE = wholemodule;
				SWIFT_OPTIMIZATION_LEVEL = "-O";
				VALIDATE_PRODUCT = YES;
			};
			name = Release;
		};
		01BC66C925E25D86004B9756 /* Debug */ = {
			isa = XCBuildConfiguration;
			buildSettings = {
				ASSETCATALOG_COMPILER_APPICON_NAME = AppIcon;
				ASSETCATALOG_COMPILER_GLOBAL_ACCENT_COLOR_NAME = AccentColor;
				CODE_SIGN_STYLE = Automatic;
				DEVELOPMENT_TEAM = YJF75JNLZ5;
				INFOPLIST_FILE = TShirtSwag/Info.plist;
				LD_RUNPATH_SEARCH_PATHS = (
					"$(inherited)",
					"@executable_path/Frameworks",
				);
				PRODUCT_BUNDLE_IDENTIFIER = PG.TShirtSwag;
				PRODUCT_NAME = "$(TARGET_NAME)";
				SWIFT_VERSION = 5.0;
				TARGETED_DEVICE_FAMILY = "1,2";
			};
			name = Debug;
		};
		01BC66CA25E25D86004B9756 /* Release */ = {
			isa = XCBuildConfiguration;
			buildSettings = {
				ASSETCATALOG_COMPILER_APPICON_NAME = AppIcon;
				ASSETCATALOG_COMPILER_GLOBAL_ACCENT_COLOR_NAME = AccentColor;
				CODE_SIGN_STYLE = Automatic;
				DEVELOPMENT_TEAM = YJF75JNLZ5;
				INFOPLIST_FILE = TShirtSwag/Info.plist;
				LD_RUNPATH_SEARCH_PATHS = (
					"$(inherited)",
					"@executable_path/Frameworks",
				);
				PRODUCT_BUNDLE_IDENTIFIER = PG.TShirtSwag;
				PRODUCT_NAME = "$(TARGET_NAME)";
				SWIFT_VERSION = 5.0;
				TARGETED_DEVICE_FAMILY = "1,2";
			};
			name = Release;
		};
/* End XCBuildConfiguration section */

/* Begin XCConfigurationList section */
		01BC66AF25E25D85004B9756 /* Build configuration list for PBXProject "TShirtSwag" */ = {
			isa = XCConfigurationList;
			buildConfigurations = (
				01BC66C625E25D86004B9756 /* Debug */,
				01BC66C725E25D86004B9756 /* Release */,
			);
			defaultConfigurationIsVisible = 0;
			defaultConfigurationName = Release;
		};
		01BC66C825E25D86004B9756 /* Build configuration list for PBXNativeTarget "TShirtSwag" */ = {
			isa = XCConfigurationList;
			buildConfigurations = (
				01BC66C925E25D86004B9756 /* Debug */,
				01BC66CA25E25D86004B9756 /* Release */,
			);
			defaultConfigurationIsVisible = 0;
			defaultConfigurationName = Release;
		};
/* End XCConfigurationList section */
	};
	rootObject = 01BC66AC25E25D85004B9756 /* Project object */;
}
